
Microsoft Visual Studio Solution File, Format Version 12.00
# Visual Studio Version 17
VisualStudioVersion = 17.11.35327.3
MinimumVisualStudioVersion = 10.0.40219.1
Project("{FAE04EC0-301F-11D3-BF4B-00C04F79EFBC}") = "WpfApp1", "WpfApp1.csproj", "{76BB8AE5-8E95-4B3B-A71B-0A5028DE60E3}"
EndProject
Global
	GlobalSection(SolutionConfigurationPlatforms) = preSolution
		Debug|Any CPU = Debug|Any CPU
		Release|Any CPU = Release|Any CPU
	EndGlobalSection
	GlobalSection(ProjectConfigurationPlatforms) = postSolution
		{76BB8AE5-8E95-4B3B-A71B-0A5028DE60E3}.Debug|Any CPU.ActiveCfg = Debug|Any CPU
		{76BB8AE5-8E95-4B3B-A71B-0A5028DE60E3}.Debug|Any CPU.Build.0 = Debug|Any CPU
		{76BB8AE5-8E95-4B3B-A71B-0A5028DE60E3}.Release|Any CPU.ActiveCfg = Release|Any CPU
		{76BB8AE5-8E95-4B3B-A71B-0A5028DE60E3}.Release|Any CPU.Build.0 = Release|Any CPU
	EndGlobalSection
	GlobalSection(SolutionProperties) = preSolution
		HideSolutionNode = FALSE
	EndGlobalSection
	GlobalSection(ExtensibilityGlobals) = postSolution
		SolutionGuid = {7635C72B-17CD-475C-8A72-208190308FAF}
	EndGlobalSection
EndGlobal
